
Microsoft Visual Studio Solution File, Format Version 12.00
# Visual Studio Version 17
VisualStudioVersion = 17.3.32901.215
MinimumVisualStudioVersion = 10.0.40219.1
Project("{9A19103F-16F7-4668-BE54-9A1E7A4F7556}") = "RentACarEntities", "RentACarEntities\RentACarEntities.csproj", "{2ED66E31-84C3-48B9-8B68-1D30C360DC9E}"
EndProject
Project("{9A19103F-16F7-4668-BE54-9A1E7A4F7556}") = "RentACarDataAccess", "RentACarDataAccess\RentACarDataAccess.csproj", "{10FE9BDF-D6FB-4C07-A416-92FF64F1DAE6}"
EndProject
Project("{9A19103F-16F7-4668-BE54-9A1E7A4F7556}") = "RentACarBusiness", "RentACarBusiness\RentACarBusiness.csproj", "{9E152EFE-BCE4-404F-A245-87747B5D8793}"
EndProject
Project("{9A19103F-16F7-4668-BE54-9A1E7A4F7556}") = "RentACarAdminPanel", "RentACarAdminPanel\RentACarAdminPanel.csproj", "{3ED5E280-FAB8-4612-872D-4C3B96C40094}"
EndProject
Project("{FAE04EC0-301F-11D3-BF4B-00C04F79EFBC}") = "RentACarUI", "RentACarUI\RentACarUI.csproj", "{8BF963AE-C006-4D4F-81E3-08D90517EEDF}"
EndProject
Global
	GlobalSection(SolutionConfigurationPlatforms) = preSolution
		Debug|Any CPU = Debug|Any CPU
		Release|Any CPU = Release|Any CPU
	EndGlobalSection
	GlobalSection(ProjectConfigurationPlatforms) = postSolution
		{2ED66E31-84C3-48B9-8B68-1D30C360DC9E}.Debug|Any CPU.ActiveCfg = Debug|Any CPU
		{2ED66E31-84C3-48B9-8B68-1D30C360DC9E}.Debug|Any CPU.Build.0 = Debug|Any CPU
		{2ED66E31-84C3-48B9-8B68-1D30C360DC9E}.Release|Any CPU.ActiveCfg = Release|Any CPU
		{2ED66E31-84C3-48B9-8B68-1D30C360DC9E}.Release|Any CPU.Build.0 = Release|Any CPU
		{10FE9BDF-D6FB-4C07-A416-92FF64F1DAE6}.Debug|Any CPU.ActiveCfg = Debug|Any CPU
		{10FE9BDF-D6FB-4C07-A416-92FF64F1DAE6}.Debug|Any CPU.Build.0 = Debug|Any CPU
		{10FE9BDF-D6FB-4C07-A416-92FF64F1DAE6}.Release|Any CPU.ActiveCfg = Release|Any CPU
		{10FE9BDF-D6FB-4C07-A416-92FF64F1DAE6}.Release|Any CPU.Build.0 = Release|Any CPU
		{9E152EFE-BCE4-404F-A245-87747B5D8793}.Debug|Any CPU.ActiveCfg = Debug|Any CPU
		{9E152EFE-BCE4-404F-A245-87747B5D8793}.Debug|Any CPU.Build.0 = Debug|Any CPU
		{9E152EFE-BCE4-404F-A245-87747B5D8793}.Release|Any CPU.ActiveCfg = Release|Any CPU
		{9E152EFE-BCE4-404F-A245-87747B5D8793}.Release|Any CPU.Build.0 = Release|Any CPU
		{3ED5E280-FAB8-4612-872D-4C3B96C40094}.Debug|Any CPU.ActiveCfg = Debug|Any CPU
		{3ED5E280-FAB8-4612-872D-4C3B96C40094}.Debug|Any CPU.Build.0 = Debug|Any CPU
		{3ED5E280-FAB8-4612-872D-4C3B96C40094}.Release|Any CPU.ActiveCfg = Release|Any CPU
		{3ED5E280-FAB8-4612-872D-4C3B96C40094}.Release|Any CPU.Build.0 = Release|Any CPU
		{8BF963AE-C006-4D4F-81E3-08D90517EEDF}.Debug|Any CPU.ActiveCfg = Debug|Any CPU
		{8BF963AE-C006-4D4F-81E3-08D90517EEDF}.Debug|Any CPU.Build.0 = Debug|Any CPU
		{8BF963AE-C006-4D4F-81E3-08D90517EEDF}.Release|Any CPU.ActiveCfg = Release|Any CPU
		{8BF963AE-C006-4D4F-81E3-08D90517EEDF}.Release|Any CPU.Build.0 = Release|Any CPU
	EndGlobalSection
	GlobalSection(SolutionProperties) = preSolution
		HideSolutionNode = FALSE
	EndGlobalSection
	GlobalSection(ExtensibilityGlobals) = postSolution
		SolutionGuid = {52C7E64C-C789-45C7-BDB6-398DD5387918}
	EndGlobalSection
EndGlobal
